Microsoft Visual Studio Solution File, Format Version 12.00
# Visual Studio Version 17
VisualStudioVersion = 17.5.2.0
MinimumVisualStudioVersion = 10.0.40219.1
Project("{FAE04EC0-301F-11D3-BF4B-00C04F79EFBC}") = "C#TrialProject", "C#TrialProject.csproj", "{59589CA9-E2C8-F6F2-7A16-2C5F0C521E58}"
EndProject
Global
	GlobalSection(SolutionConfigurationPlatforms) = preSolution
		Debug|Any CPU = Debug|Any CPU
		Release|Any CPU = Release|Any CPU
	EndGlobalSection
	GlobalSection(ProjectConfigurationPlatforms) = postSolution
		{59589CA9-E2C8-F6F2-7A16-2C5F0C521E58}.Debug|Any CPU.ActiveCfg = Debug|Any CPU
		{59589CA9-E2C8-F6F2-7A16-2C5F0C521E58}.Debug|Any CPU.Build.0 = Debug|Any CPU
		{59589CA9-E2C8-F6F2-7A16-2C5F0C521E58}.Release|Any CPU.ActiveCfg = Release|Any CPU
		{59589CA9-E2C8-F6F2-7A16-2C5F0C521E58}.Release|Any CPU.Build.0 = Release|Any CPU
	EndGlobalSection
	GlobalSection(SolutionProperties) = preSolution
		HideSolutionNode = FALSE
	EndGlobalSection
	GlobalSection(ExtensibilityGlobals) = postSolution
		SolutionGuid = {BD939671-7201-434D-9C87-6EC2FFE14A99}
	EndGlobalSection
EndGlobal
